// !$*UTF8*$!
{
	archiveVersion = 1;
	classes = {
	};
	objectVersion = 50;
	objects = {

/* Begin PBXBuildFile section */
		745E6425237A4CDA00298A27 /* AppDelegate.swift in Sources */ = {isa = PBXBuildFile; fileRef = 745E6424237A4CDA00298A27 /* AppDelegate.swift */; };
		745E6427237A4CDA00298A27 /* SceneDelegate.swift in Sources */ = {isa = PBXBuildFile; fileRef = 745E6426237A4CDA00298A27 /* SceneDelegate.swift */; };
		745E6429237A4CDA00298A27 /* ContentView.swift in Sources */ = {isa = PBXBuildFile; fileRef = 745E6428237A4CDA00298A27 /* ContentView.swift */; };
		745E642B237A4CDC00298A27 /* Assets.xcassets in Resources */ = {isa = PBXBuildFile; fileRef = 745E642A237A4CDC00298A27 /* Assets.xcassets */; };
		745E642E237A4CDC00298A27 /* Preview Assets.xcassets in Resources */ = {isa = PBXBuildFile; fileRef = 745E642D237A4CDC00298A27 /* Preview Assets.xcassets */; };
		745E6431237A4CDC00298A27 /* LaunchScreen.storyboard in Resources */ = {isa = PBXBuildFile; fileRef = 745E642F237A4CDC00298A27 /* LaunchScreen.storyboard */; };
		745E643C237A4CDC00298A27 /* R_P_chalangeTests.swift in Sources */ = {isa = PBXBuildFile; fileRef = 745E643B237A4CDC00298A27 /* R_P_chalangeTests.swift */; };
		745E644E237A5CB000298A27 /* RPComment.swift in Sources */ = {isa = PBXBuildFile; fileRef = 745E644D237A5CB000298A27 /* RPComment.swift */; };
		745E6450237A5CDD00298A27 /* RPAnnotation.swift in Sources */ = {isa = PBXBuildFile; fileRef = 745E644F237A5CDD00298A27 /* RPAnnotation.swift */; };
		745E6452237A604100298A27 /* RPCommentTest.swift in Sources */ = {isa = PBXBuildFile; fileRef = 745E6451237A604100298A27 /* RPCommentTest.swift */; };
		745E6454237A605900298A27 /* RPAnnotationTest.swift in Sources */ = {isa = PBXBuildFile; fileRef = 745E6453237A605900298A27 /* RPAnnotationTest.swift */; };
		745E6458237A691100298A27 /* RPCommentFactory.swift in Sources */ = {isa = PBXBuildFile; fileRef = 745E6457237A691100298A27 /* RPCommentFactory.swift */; };
		745E645A237A692300298A27 /* RPAnnotationFactory.swift in Sources */ = {isa = PBXBuildFile; fileRef = 745E6459237A692300298A27 /* RPAnnotationFactory.swift */; };
		745E645C237A696100298A27 /* RPCommentFactoryTest.swift in Sources */ = {isa = PBXBuildFile; fileRef = 745E645B237A696100298A27 /* RPCommentFactoryTest.swift */; };
		745E645E237A697400298A27 /* RPAnnotationFactoryTest.swift in Sources */ = {isa = PBXBuildFile; fileRef = 745E645D237A697400298A27 /* RPAnnotationFactoryTest.swift */; };
		745E6460237A706700298A27 /* ICodableComment.swift in Sources */ = {isa = PBXBuildFile; fileRef = 745E645F237A706700298A27 /* ICodableComment.swift */; };
		745E6462237A707800298A27 /* ICodableAnnotation.swift in Sources */ = {isa = PBXBuildFile; fileRef = 745E6461237A707800298A27 /* ICodableAnnotation.swift */; };
		745E6464237A71F100298A27 /* IServerApiProtocol.swift in Sources */ = {isa = PBXBuildFile; fileRef = 745E6463237A71F100298A27 /* IServerApiProtocol.swift */; };
		745E6466237A740700298A27 /* AnnotationServerModel.swift in Sources */ = {isa = PBXBuildFile; fileRef = 745E6465237A740700298A27 /* AnnotationServerModel.swift */; };
		745E6468237A741700298A27 /* CommentServerModel.swift in Sources */ = {isa = PBXBuildFile; fileRef = 745E6467237A741700298A27 /* CommentServerModel.swift */; };
		745E646B237A756800298A27 /* AnnotationServerModelTest.swift in Sources */ = {isa = PBXBuildFile; fileRef = 745E646A237A756800298A27 /* AnnotationServerModelTest.swift */; };
		745E646D237A757800298A27 /* CommentServerModelTest.swift in Sources */ = {isa = PBXBuildFile; fileRef = 745E646C237A757800298A27 /* CommentServerModelTest.swift */; };
/* End PBXBuildFile section */

/* Begin PBXContainerItemProxy section */
		745E6438237A4CDC00298A27 /* PBXContainerItemProxy */ = {
			isa = PBXContainerItemProxy;
			containerPortal = 745E6419237A4CDA00298A27 /* Project object */;
			proxyType = 1;
			remoteGlobalIDString = 745E6420237A4CDA00298A27;
			remoteInfo = "R-P-chalange";
		};
/* End PBXContainerItemProxy section */

/* Begin PBXFileReference section */
		745E6421237A4CDA00298A27 /* R-P-chalange.app */ = {isa = PBXFileReference; explicitFileType = wrapper.application; includeInIndex = 0; path = "R-P-chalange.app"; sourceTree = BUILT_PRODUCTS_DIR; };
		745E6424237A4CDA00298A27 /* AppDelegate.swift */ = {isa = PBXFileReference; lastKnownFileType = sourcecode.swift; path = AppDelegate.swift; sourceTree = "<group>"; };
		745E6426237A4CDA00298A27 /* SceneDelegate.swift */ = {isa = PBXFileReference; lastKnownFileType = sourcecode.swift; path = SceneDelegate.swift; sourceTree = "<group>"; };
		745E6428237A4CDA00298A27 /* ContentView.swift */ = {isa = PBXFileReference; lastKnownFileType = sourcecode.swift; path = ContentView.swift; sourceTree = "<group>"; };
		745E642A237A4CDC00298A27 /* Assets.xcassets */ = {isa = PBXFileReference; lastKnownFileType = folder.assetcatalog; path = Assets.xcassets; sourceTree = "<group>"; };
		745E642D237A4CDC00298A27 /* Preview Assets.xcassets */ = {isa = PBXFileReference; lastKnownFileType = folder.assetcatalog; path = "Preview Assets.xcassets"; sourceTree = "<group>"; };
		745E6430237A4CDC00298A27 /* Base */ = {isa = PBXFileReference; lastKnownFileType = file.storyboard; name = Base; path = Base.lproj/LaunchScreen.storyboard; sourceTree = "<group>"; };
		745E6432237A4CDC00298A27 /* Info.plist */ = {isa = PBXFileReference; lastKnownFileType = text.plist.xml; path = Info.plist; sourceTree = "<group>"; };
		745E6437237A4CDC00298A27 /* R-P-chalangeTests.xctest */ = {isa = PBXFileReference; explicitFileType = wrapper.cfbundle; includeInIndex = 0; path = "R-P-chalangeTests.xctest"; sourceTree = BUILT_PRODUCTS_DIR; };
		745E643B237A4CDC00298A27 /* R_P_chalangeTests.swift */ = {isa = PBXFileReference; lastKnownFileType = sourcecode.swift; path = R_P_chalangeTests.swift; sourceTree = "<group>"; };
		745E643D237A4CDC00298A27 /* Info.plist */ = {isa = PBXFileReference; lastKnownFileType = text.plist.xml; path = Info.plist; sourceTree = "<group>"; };
		745E644D237A5CB000298A27 /* RPComment.swift */ = {isa = PBXFileReference; lastKnownFileType = sourcecode.swift; path = RPComment.swift; sourceTree = "<group>"; };
		745E644F237A5CDD00298A27 /* RPAnnotation.swift */ = {isa = PBXFileReference; lastKnownFileType = sourcecode.swift; path = RPAnnotation.swift; sourceTree = "<group>"; };
		745E6451237A604100298A27 /* RPCommentTest.swift */ = {isa = PBXFileReference; lastKnownFileType = sourcecode.swift; path = RPCommentTest.swift; sourceTree = "<group>"; };
		745E6453237A605900298A27 /* RPAnnotationTest.swift */ = {isa = PBXFileReference; lastKnownFileType = sourcecode.swift; path = RPAnnotationTest.swift; sourceTree = "<group>"; };
		745E6457237A691100298A27 /* RPCommentFactory.swift */ = {isa = PBXFileReference; lastKnownFileType = sourcecode.swift; path = RPCommentFactory.swift; sourceTree = "<group>"; };
		745E6459237A692300298A27 /* RPAnnotationFactory.swift */ = {isa = PBXFileReference; lastKnownFileType = sourcecode.swift; path = RPAnnotationFactory.swift; sourceTree = "<group>"; };
		745E645B237A696100298A27 /* RPCommentFactoryTest.swift */ = {isa = PBXFileReference; lastKnownFileType = sourcecode.swift; path = RPCommentFactoryTest.swift; sourceTree = "<group>"; };
		745E645D237A697400298A27 /* RPAnnotationFactoryTest.swift */ = {isa = PBXFileReference; lastKnownFileType = sourcecode.swift; path = RPAnnotationFactoryTest.swift; sourceTree = "<group>"; };
		745E645F237A706700298A27 /* ICodableComment.swift */ = {isa = PBXFileReference; lastKnownFileType = sourcecode.swift; path = ICodableComment.swift; sourceTree = "<group>"; };
		745E6461237A707800298A27 /* ICodableAnnotation.swift */ = {isa = PBXFileReference; lastKnownFileType = sourcecode.swift; path = ICodableAnnotation.swift; sourceTree = "<group>"; };
		745E6463237A71F100298A27 /* IServerApiProtocol.swift */ = {isa = PBXFileReference; lastKnownFileType = sourcecode.swift; path = IServerApiProtocol.swift; sourceTree = "<group>"; };
		745E6465237A740700298A27 /* AnnotationServerModel.swift */ = {isa = PBXFileReference; lastKnownFileType = sourcecode.swift; path = AnnotationServerModel.swift; sourceTree = "<group>"; };
		745E6467237A741700298A27 /* CommentServerModel.swift */ = {isa = PBXFileReference; lastKnownFileType = sourcecode.swift; path = CommentServerModel.swift; sourceTree = "<group>"; };
		745E646A237A756800298A27 /* AnnotationServerModelTest.swift */ = {isa = PBXFileReference; lastKnownFileType = sourcecode.swift; path = AnnotationServerModelTest.swift; sourceTree = "<group>"; };
		745E646C237A757800298A27 /* CommentServerModelTest.swift */ = {isa = PBXFileReference; lastKnownFileType = sourcecode.swift; path = CommentServerModelTest.swift; sourceTree = "<group>"; };
/* End PBXFileReference section */

/* Begin PBXFrameworksBuildPhase section */
		745E641E237A4CDA00298A27 /* Frameworks */ = {
			isa = PBXFrameworksBuildPhase;
			buildActionMask = 2147483647;
			files = (
			);
			runOnlyForDeploymentPostprocessing = 0;
		};
		745E6434237A4CDC00298A27 /* Frameworks */ = {
			isa = PBXFrameworksBuildPhase;
			buildActionMask = 2147483647;
			files = (
			);
			runOnlyForDeploymentPostprocessing = 0;
		};
/* End PBXFrameworksBuildPhase section */

/* Begin PBXGroup section */
		745E6418237A4CDA00298A27 = {
			isa = PBXGroup;
			children = (
				745E6423237A4CDA00298A27 /* R-P-chalange */,
				745E643A237A4CDC00298A27 /* R-P-chalangeTests */,
				745E6422237A4CDA00298A27 /* Products */,
			);
			sourceTree = "<group>";
		};
		745E6422237A4CDA00298A27 /* Products */ = {
			isa = PBXGroup;
			children = (
				745E6421237A4CDA00298A27 /* R-P-chalange.app */,
				745E6437237A4CDC00298A27 /* R-P-chalangeTests.xctest */,
			);
			name = Products;
			sourceTree = "<group>";
		};
		745E6423237A4CDA00298A27 /* R-P-chalange */ = {
			isa = PBXGroup;
			children = (
				745E644A237A5C1A00298A27 /* FakeServer */,
				745E6449237A5C0C00298A27 /* CodableModels */,
				745E6448237A5BD600298A27 /* Adapters */,
				745E6447237A5BCE00298A27 /* RPModels */,
				745E6446237A5BBC00298A27 /* Factories */,
				745E6424237A4CDA00298A27 /* AppDelegate.swift */,
				745E6426237A4CDA00298A27 /* SceneDelegate.swift */,
				745E6428237A4CDA00298A27 /* ContentView.swift */,
				745E642A237A4CDC00298A27 /* Assets.xcassets */,
				745E642F237A4CDC00298A27 /* LaunchScreen.storyboard */,
				745E6432237A4CDC00298A27 /* Info.plist */,
				745E642C237A4CDC00298A27 /* Preview Content */,
			);
			path = "R-P-chalange";
			sourceTree = "<group>";
		};
		745E642C237A4CDC00298A27 /* Preview Content */ = {
			isa = PBXGroup;
			children = (
				745E642D237A4CDC00298A27 /* Preview Assets.xcassets */,
			);
			path = "Preview Content";
			sourceTree = "<group>";
		};
		745E643A237A4CDC00298A27 /* R-P-chalangeTests */ = {
			isa = PBXGroup;
			children = (
				745E6469237A755100298A27 /* ServerModels */,
				745E6456237A68E400298A27 /* Factories */,
				745E6455237A606700298A27 /* RPModels */,
				745E643B237A4CDC00298A27 /* R_P_chalangeTests.swift */,
				745E643D237A4CDC00298A27 /* Info.plist */,
			);
			path = "R-P-chalangeTests";
			sourceTree = "<group>";
		};
		745E6446237A5BBC00298A27 /* Factories */ = {
			isa = PBXGroup;
			children = (
				745E6457237A691100298A27 /* RPCommentFactory.swift */,
				745E6459237A692300298A27 /* RPAnnotationFactory.swift */,
			);
			path = Factories;
			sourceTree = "<group>";
		};
		745E6447237A5BCE00298A27 /* RPModels */ = {
			isa = PBXGroup;
			children = (
				745E644D237A5CB000298A27 /* RPComment.swift */,
				745E644F237A5CDD00298A27 /* RPAnnotation.swift */,
			);
			path = RPModels;
			sourceTree = "<group>";
		};
		745E6448237A5BD600298A27 /* Adapters */ = {
			isa = PBXGroup;
			children = (
			);
			path = Adapters;
			sourceTree = "<group>";
		};
		745E6449237A5C0C00298A27 /* CodableModels */ = {
			isa = PBXGroup;
			children = (
				745E644C237A5C7B00298A27 /* Models */,
				745E644B237A5C7200298A27 /* Interfaces */,
			);
			path = CodableModels;
			sourceTree = "<group>";
		};
		745E644A237A5C1A00298A27 /* FakeServer */ = {
			isa = PBXGroup;
			children = (
				745E6463237A71F100298A27 /* IServerApiProtocol.swift */,
			);
			path = FakeServer;
			sourceTree = "<group>";
		};
		745E644B237A5C7200298A27 /* Interfaces */ = {
			isa = PBXGroup;
			children = (
				745E645F237A706700298A27 /* ICodableComment.swift */,
				745E6461237A707800298A27 /* ICodableAnnotation.swift */,
			);
			path = Interfaces;
			sourceTree = "<group>";
		};
		745E644C237A5C7B00298A27 /* Models */ = {
			isa = PBXGroup;
			children = (
				745E6465237A740700298A27 /* AnnotationServerModel.swift */,
				745E6467237A741700298A27 /* CommentServerModel.swift */,
			);
			path = Models;
			sourceTree = "<group>";
		};
		745E6455237A606700298A27 /* RPModels */ = {
			isa = PBXGroup;
			children = (
				745E6451237A604100298A27 /* RPCommentTest.swift */,
				745E6453237A605900298A27 /* RPAnnotationTest.swift */,
			);
			path = RPModels;
			sourceTree = "<group>";
		};
		745E6456237A68E400298A27 /* Factories */ = {
			isa = PBXGroup;
			children = (
				745E645B237A696100298A27 /* RPCommentFactoryTest.swift */,
				745E645D237A697400298A27 /* RPAnnotationFactoryTest.swift */,
			);
			path = Factories;
			sourceTree = "<group>";
		};
		745E6469237A755100298A27 /* ServerModels */ = {
			isa = PBXGroup;
			children = (
				745E646A237A756800298A27 /* AnnotationServerModelTest.swift */,
				745E646C237A757800298A27 /* CommentServerModelTest.swift */,
			);
			path = ServerModels;
			sourceTree = "<group>";
		};
/* End PBXGroup section */

/* Begin PBXNativeTarget section */
		745E6420237A4CDA00298A27 /* R-P-chalange */ = {
			isa = PBXNativeTarget;
			buildConfigurationList = 745E6440237A4CDC00298A27 /* Build configuration list for PBXNativeTarget "R-P-chalange" */;
			buildPhases = (
				745E641D237A4CDA00298A27 /* Sources */,
				745E641E237A4CDA00298A27 /* Frameworks */,
				745E641F237A4CDA00298A27 /* Resources */,
			);
			buildRules = (
			);
			dependencies = (
			);
			name = "R-P-chalange";
			productName = "R-P-chalange";
			productReference = 745E6421237A4CDA00298A27 /* R-P-chalange.app */;
			productType = "com.apple.product-type.application";
		};
		745E6436237A4CDC00298A27 /* R-P-chalangeTests */ = {
			isa = PBXNativeTarget;
			buildConfigurationList = 745E6443237A4CDC00298A27 /* Build configuration list for PBXNativeTarget "R-P-chalangeTests" */;
			buildPhases = (
				745E6433237A4CDC00298A27 /* Sources */,
				745E6434237A4CDC00298A27 /* Frameworks */,
				745E6435237A4CDC00298A27 /* Resources */,
			);
			buildRules = (
			);
			dependencies = (
				745E6439237A4CDC00298A27 /* PBXTargetDependency */,
			);
			name = "R-P-chalangeTests";
			productName = "R-P-chalangeTests";
			productReference = 745E6437237A4CDC00298A27 /* R-P-chalangeTests.xctest */;
			productType = "com.apple.product-type.bundle.unit-test";
		};
/* End PBXNativeTarget section */

/* Begin PBXProject section */
		745E6419237A4CDA00298A27 /* Project object */ = {
			isa = PBXProject;
			attributes = {
				LastSwiftUpdateCheck = 1120;
				LastUpgradeCheck = 1120;
				ORGANIZATIONNAME = "Dzmitry Kudrashou";
				TargetAttributes = {
					745E6420237A4CDA00298A27 = {
						CreatedOnToolsVersion = 11.2;
					};
					745E6436237A4CDC00298A27 = {
						CreatedOnToolsVersion = 11.2;
						TestTargetID = 745E6420237A4CDA00298A27;
					};
				};
			};
			buildConfigurationList = 745E641C237A4CDA00298A27 /* Build configuration list for PBXProject "R-P-chalange" */;
			compatibilityVersion = "Xcode 9.3";
			developmentRegion = en;
			hasScannedForEncodings = 0;
			knownRegions = (
				en,
				Base,
			);
			mainGroup = 745E6418237A4CDA00298A27;
			productRefGroup = 745E6422237A4CDA00298A27 /* Products */;
			projectDirPath = "";
			projectRoot = "";
			targets = (
				745E6420237A4CDA00298A27 /* R-P-chalange */,
				745E6436237A4CDC00298A27 /* R-P-chalangeTests */,
			);
		};
/* End PBXProject section */

/* Begin PBXResourcesBuildPhase section */
		745E641F237A4CDA00298A27 /* Resources */ = {
			isa = PBXResourcesBuildPhase;
			buildActionMask = 2147483647;
			files = (
				745E6431237A4CDC00298A27 /* LaunchScreen.storyboard in Resources */,
				745E642E237A4CDC00298A27 /* Preview Assets.xcassets in Resources */,
				745E642B237A4CDC00298A27 /* Assets.xcassets in Resources */,
			);
			runOnlyForDeploymentPostprocessing = 0;
		};
		745E6435237A4CDC00298A27 /* Resources */ = {
			isa = PBXResourcesBuildPhase;
			buildActionMask = 2147483647;
			files = (
			);
			runOnlyForDeploymentPostprocessing = 0;
		};
/* End PBXResourcesBuildPhase section */

/* Begin PBXSourcesBuildPhase section */
		745E641D237A4CDA00298A27 /* Sources */ = {
			isa = PBXSourcesBuildPhase;
			buildActionMask = 2147483647;
			files = (
				745E6458237A691100298A27 /* RPCommentFactory.swift in Sources */,
				745E6464237A71F100298A27 /* IServerApiProtocol.swift in Sources */,
				745E6425237A4CDA00298A27 /* AppDelegate.swift in Sources */,
				745E6462237A707800298A27 /* ICodableAnnotation.swift in Sources */,
				745E6427237A4CDA00298A27 /* SceneDelegate.swift in Sources */,
				745E645A237A692300298A27 /* RPAnnotationFactory.swift in Sources */,
				745E6429237A4CDA00298A27 /* ContentView.swift in Sources */,
				745E6450237A5CDD00298A27 /* RPAnnotation.swift in Sources */,
				745E6466237A740700298A27 /* AnnotationServerModel.swift in Sources */,
				745E6460237A706700298A27 /* ICodableComment.swift in Sources */,
				745E6468237A741700298A27 /* CommentServerModel.swift in Sources */,
				745E644E237A5CB000298A27 /* RPComment.swift in Sources */,
			);
			runOnlyForDeploymentPostprocessing = 0;
		};
		745E6433237A4CDC00298A27 /* Sources */ = {
			isa = PBXSourcesBuildPhase;
			buildActionMask = 2147483647;
			files = (
				745E645E237A697400298A27 /* RPAnnotationFactoryTest.swift in Sources */,
				745E646B237A756800298A27 /* AnnotationServerModelTest.swift in Sources */,
				745E646D237A757800298A27 /* CommentServerModelTest.swift in Sources */,
				745E6454237A605900298A27 /* RPAnnotationTest.swift in Sources */,
				745E643C237A4CDC00298A27 /* R_P_chalangeTests.swift in Sources */,
				745E645C237A696100298A27 /* RPCommentFactoryTest.swift in Sources */,
				745E6452237A604100298A27 /* RPCommentTest.swift in Sources */,
			);
			runOnlyForDeploymentPostprocessing = 0;
		};
/* End PBXSourcesBuildPhase section */

/* Begin PBXTargetDependency section */
		745E6439237A4CDC00298A27 /* PBXTargetDependency */ = {
			isa = PBXTargetDependency;
			target = 745E6420237A4CDA00298A27 /* R-P-chalange */;
			targetProxy = 745E6438237A4CDC00298A27 /* PBXContainerItemProxy */;
		};
/* End PBXTargetDependency section */

/* Begin PBXVariantGroup section */
		745E642F237A4CDC00298A27 /* LaunchScreen.storyboard */ = {
			isa = PBXVariantGroup;
			children = (
				745E6430237A4CDC00298A27 /* Base */,
			);
			name = LaunchScreen.storyboard;
			sourceTree = "<group>";
		};
/* End PBXVariantGroup section */

/* Begin XCBuildConfiguration section */
		745E643E237A4CDC00298A27 /* Debug */ = {
			isa = XCBuildConfiguration;
			buildSettings = {
				ALWAYS_SEARCH_USER_PATHS = NO;
				CLANG_ANALYZER_NONNULL = YES;
				CLANG_ANALYZER_NUMBER_OBJECT_CONVERSION = YES_AGGRESSIVE;
				CLANG_CXX_LANGUAGE_STANDARD = "gnu++14";
				CLANG_CXX_LIBRARY = "libc++";
				CLANG_ENABLE_MODULES = YES;
				CLANG_ENABLE_OBJC_ARC = YES;
				CLANG_ENABLE_OBJC_WEAK = YES;
				CLANG_WARN_BLOCK_CAPTURE_AUTORELEASING = YES;
				CLANG_WARN_BOOL_CONVERSION = YES;
				CLANG_WARN_COMMA = YES;
				CLANG_WARN_CONSTANT_CONVERSION = YES;
				CLANG_WARN_DEPRECATED_OBJC_IMPLEMENTATIONS = YES;
				CLANG_WARN_DIRECT_OBJC_ISA_USAGE = YES_ERROR;
				CLANG_WARN_DOCUMENTATION_COMMENTS = YES;
				CLANG_WARN_EMPTY_BODY = YES;
				CLANG_WARN_ENUM_CONVERSION = YES;
				CLANG_WARN_INFINITE_RECURSION = YES;
				CLANG_WARN_INT_CONVERSION = YES;
				CLANG_WARN_NON_LITERAL_NULL_CONVERSION = YES;
				CLANG_WARN_OBJC_IMPLICIT_RETAIN_SELF = YES;
				CLANG_WARN_OBJC_LITERAL_CONVERSION = YES;
				CLANG_WARN_OBJC_ROOT_CLASS = YES_ERROR;
				CLANG_WARN_RANGE_LOOP_ANALYSIS = YES;
				CLANG_WARN_STRICT_PROTOTYPES = YES;
				CLANG_WARN_SUSPICIOUS_MOVE = YES;
				CLANG_WARN_UNGUARDED_AVAILABILITY = YES_AGGRESSIVE;
				CLANG_WARN_UNREACHABLE_CODE = YES;
				CLANG_WARN__DUPLICATE_METHOD_MATCH = YES;
				COPY_PHASE_STRIP = NO;
				DEBUG_INFORMATION_FORMAT = dwarf;
				ENABLE_STRICT_OBJC_MSGSEND = YES;
				ENABLE_TESTABILITY = YES;
				GCC_C_LANGUAGE_STANDARD = gnu11;
				GCC_DYNAMIC_NO_PIC = NO;
				GCC_NO_COMMON_BLOCKS = YES;
				GCC_OPTIMIZATION_LEVEL = 0;
				GCC_PREPROCESSOR_DEFINITIONS = (
					"DEBUG=1",
					"$(inherited)",
				);
				GCC_WARN_64_TO_32_BIT_CONVERSION = YES;
				GCC_WARN_ABOUT_RETURN_TYPE = YES_ERROR;
				GCC_WARN_UNDECLARED_SELECTOR = YES;
				GCC_WARN_UNINITIALIZED_AUTOS = YES_AGGRESSIVE;
				GCC_WARN_UNUSED_FUNCTION = YES;
				GCC_WARN_UNUSED_VARIABLE = YES;
				IPHONEOS_DEPLOYMENT_TARGET = 13.2;
				MTL_ENABLE_DEBUG_INFO = INCLUDE_SOURCE;
				MTL_FAST_MATH = YES;
				ONLY_ACTIVE_ARCH = YES;
				SDKROOT = iphoneos;
				SWIFT_ACTIVE_COMPILATION_CONDITIONS = DEBUG;
				SWIFT_OPTIMIZATION_LEVEL = "-Onone";
			};
			name = Debug;
		};
		745E643F237A4CDC00298A27 /* Release */ = {
			isa = XCBuildConfiguration;
			buildSettings = {
				ALWAYS_SEARCH_USER_PATHS = NO;
				CLANG_ANALYZER_NONNULL = YES;
				CLANG_ANALYZER_NUMBER_OBJECT_CONVERSION = YES_AGGRESSIVE;
				CLANG_CXX_LANGUAGE_STANDARD = "gnu++14";
				CLANG_CXX_LIBRARY = "libc++";
				CLANG_ENABLE_MODULES = YES;
				CLANG_ENABLE_OBJC_ARC = YES;
				CLANG_ENABLE_OBJC_WEAK = YES;
				CLANG_WARN_BLOCK_CAPTURE_AUTORELEASING = YES;
				CLANG_WARN_BOOL_CONVERSION = YES;
				CLANG_WARN_COMMA = YES;
				CLANG_WARN_CONSTANT_CONVERSION = YES;
				CLANG_WARN_DEPRECATED_OBJC_IMPLEMENTATIONS = YES;
				CLANG_WARN_DIRECT_OBJC_ISA_USAGE = YES_ERROR;
				CLANG_WARN_DOCUMENTATION_COMMENTS = YES;
				CLANG_WARN_EMPTY_BODY = YES;
				CLANG_WARN_ENUM_CONVERSION = YES;
				CLANG_WARN_INFINITE_RECURSION = YES;
				CLANG_WARN_INT_CONVERSION = YES;
				CLANG_WARN_NON_LITERAL_NULL_CONVERSION = YES;
				CLANG_WARN_OBJC_IMPLICIT_RETAIN_SELF = YES;
				CLANG_WARN_OBJC_LITERAL_CONVERSION = YES;
				CLANG_WARN_OBJC_ROOT_CLASS = YES_ERROR;
				CLANG_WARN_RANGE_LOOP_ANALYSIS = YES;
				CLANG_WARN_STRICT_PROTOTYPES = YES;
				CLANG_WARN_SUSPICIOUS_MOVE = YES;
				CLANG_WARN_UNGUARDED_AVAILABILITY = YES_AGGRESSIVE;
				CLANG_WARN_UNREACHABLE_CODE = YES;
				CLANG_WARN__DUPLICATE_METHOD_MATCH = YES;
				COPY_PHASE_STRIP = NO;
				DEBUG_INFORMATION_FORMAT = "dwarf-with-dsym";
				ENABLE_NS_ASSERTIONS = NO;
				ENABLE_STRICT_OBJC_MSGSEND = YES;
				GCC_C_LANGUAGE_STANDARD = gnu11;
				GCC_NO_COMMON_BLOCKS = YES;
				GCC_WARN_64_TO_32_BIT_CONVERSION = YES;
				GCC_WARN_ABOUT_RETURN_TYPE = YES_ERROR;
				GCC_WARN_UNDECLARED_SELECTOR = YES;
				GCC_WARN_UNINITIALIZED_AUTOS = YES_AGGRESSIVE;
				GCC_WARN_UNUSED_FUNCTION = YES;
				GCC_WARN_UNUSED_VARIABLE = YES;
				IPHONEOS_DEPLOYMENT_TARGET = 13.2;
				MTL_ENABLE_DEBUG_INFO = NO;
				MTL_FAST_MATH = YES;
				SDKROOT = iphoneos;
				SWIFT_COMPILATION_MODE = wholemodule;
				SWIFT_OPTIMIZATION_LEVEL = "-O";
				VALIDATE_PRODUCT = YES;
			};
			name = Release;
		};
		745E6441237A4CDC00298A27 /* Debug */ = {
			isa = XCBuildConfiguration;
			buildSettings = {
				ASSETCATALOG_COMPILER_APPICON_NAME = AppIcon;
				CODE_SIGN_STYLE = Automatic;
				DEVELOPMENT_ASSET_PATHS = "\"R-P-chalange/Preview Content\"";
				ENABLE_PREVIEWS = YES;
				INFOPLIST_FILE = "R-P-chalange/Info.plist";
				LD_RUNPATH_SEARCH_PATHS = (
					"$(inherited)",
					"@executable_path/Frameworks",
				);
				PRODUCT_BUNDLE_IDENTIFIER = "Dzmitry.Kudrashou.R-P-chalange";
				PRODUCT_NAME = "$(TARGET_NAME)";
				SWIFT_VERSION = 5.0;
				TARGETED_DEVICE_FAMILY = "1,2";
			};
			name = Debug;
		};
		745E6442237A4CDC00298A27 /* Release */ = {
			isa = XCBuildConfiguration;
			buildSettings = {
				ASSETCATALOG_COMPILER_APPICON_NAME = AppIcon;
				CODE_SIGN_STYLE = Automatic;
				DEVELOPMENT_ASSET_PATHS = "\"R-P-chalange/Preview Content\"";
				ENABLE_PREVIEWS = YES;
				INFOPLIST_FILE = "R-P-chalange/Info.plist";
				LD_RUNPATH_SEARCH_PATHS = (
					"$(inherited)",
					"@executable_path/Frameworks",
				);
				PRODUCT_BUNDLE_IDENTIFIER = "Dzmitry.Kudrashou.R-P-chalange";
				PRODUCT_NAME = "$(TARGET_NAME)";
				SWIFT_VERSION = 5.0;
				TARGETED_DEVICE_FAMILY = "1,2";
			};
			name = Release;
		};
		745E6444237A4CDC00298A27 /* Debug */ = {
			isa = XCBuildConfiguration;
			buildSettings = {
				ALWAYS_EMBED_SWIFT_STANDARD_LIBRARIES = YES;
				BUNDLE_LOADER = "$(TEST_HOST)";
				CODE_SIGN_STYLE = Automatic;
				INFOPLIST_FILE = "R-P-chalangeTests/Info.plist";
				IPHONEOS_DEPLOYMENT_TARGET = 13.2;
				LD_RUNPATH_SEARCH_PATHS = (
					"$(inherited)",
					"@executable_path/Frameworks",
					"@loader_path/Frameworks",
				);
				PRODUCT_BUNDLE_IDENTIFIER = "Dzmitry.Kudrashou.R-P-chalangeTests";
				PRODUCT_NAME = "$(TARGET_NAME)";
				SWIFT_VERSION = 5.0;
				TARGETED_DEVICE_FAMILY = "1,2";
				TEST_HOST = "$(BUILT_PRODUCTS_DIR)/R-P-chalange.app/R-P-chalange";
			};
			name = Debug;
		};
		745E6445237A4CDC00298A27 /* Release */ = {
			isa = XCBuildConfiguration;
			buildSettings = {
				ALWAYS_EMBED_SWIFT_STANDARD_LIBRARIES = YES;
				BUNDLE_LOADER = "$(TEST_HOST)";
				CODE_SIGN_STYLE = Automatic;
				INFOPLIST_FILE = "R-P-chalangeTests/Info.plist";
				IPHONEOS_DEPLOYMENT_TARGET = 13.2;
				LD_RUNPATH_SEARCH_PATHS = (
					"$(inherited)",
					"@executable_path/Frameworks",
					"@loader_path/Frameworks",
				);
				PRODUCT_BUNDLE_IDENTIFIER = "Dzmitry.Kudrashou.R-P-chalangeTests";
				PRODUCT_NAME = "$(TARGET_NAME)";
				SWIFT_VERSION = 5.0;
				TARGETED_DEVICE_FAMILY = "1,2";
				TEST_HOST = "$(BUILT_PRODUCTS_DIR)/R-P-chalange.app/R-P-chalange";
			};
			name = Release;
		};
/* End XCBuildConfiguration section */

/* Begin XCConfigurationList section */
		745E641C237A4CDA00298A27 /* Build configuration list for PBXProject "R-P-chalange" */ = {
			isa = XCConfigurationList;
			buildConfigurations = (
				745E643E237A4CDC00298A27 /* Debug */,
				745E643F237A4CDC00298A27 /* Release */,
			);
			defaultConfigurationIsVisible = 0;
			defaultConfigurationName = Release;
		};
		745E6440237A4CDC00298A27 /* Build configuration list for PBXNativeTarget "R-P-chalange" */ = {
			isa = XCConfigurationList;
			buildConfigurations = (
				745E6441237A4CDC00298A27 /* Debug */,
				745E6442237A4CDC00298A27 /* Release */,
			);
			defaultConfigurationIsVisible = 0;
			defaultConfigurationName = Release;
		};
		745E6443237A4CDC00298A27 /* Build configuration list for PBXNativeTarget "R-P-chalangeTests" */ = {
			isa = XCConfigurationList;
			buildConfigurations = (
				745E6444237A4CDC00298A27 /* Debug */,
				745E6445237A4CDC00298A27 /* Release */,
			);
			defaultConfigurationIsVisible = 0;
			defaultConfigurationName = Release;
		};
/* End XCConfigurationList section */
	};
	rootObject = 745E6419237A4CDA00298A27 /* Project object */;
}
